// !$*UTF8*$!
{
	archiveVersion = 1;
	classes = {
	};
	objectVersion = 46;
	objects = {

/* Begin PBXBuildFile section */
		3B43352821E79CE500DED162 /* UCMeditorRuntimeMethodTestFile.m in Sources */ = {isa = PBXBuildFile; fileRef = 3B43352721E79CE500DED162 /* UCMeditorRuntimeMethodTestFile.m */; };
		3B98A4FA21EA0AA600144984 /* UCThirdPartUrlInvoke.m in Sources */ = {isa = PBXBuildFile; fileRef = 3B98A4F921EA0AA600144984 /* UCThirdPartUrlInvoke.m */; };
		3B98A4FE21EB0D2A00144984 /* UCMediatorUrlFilterDeledate.m in Sources */ = {isa = PBXBuildFile; fileRef = 3B98A4FC21EB0C3E00144984 /* UCMediatorUrlFilterDeledate.m */; };
		3B98A50021EB57D500144984 /* UCNativeUrlInvoke.m in Sources */ = {isa = PBXBuildFile; fileRef = 3B98A4FF21EB57D500144984 /* UCNativeUrlInvoke.m */; };
		3B98A50321EB65C200144984 /* UCAppdelegateReceiver.m in Sources */ = {isa = PBXBuildFile; fileRef = 3B98A50221EB65C200144984 /* UCAppdelegateReceiver.m */; };
		3BAD3B7222019DEF00AC1DC3 /* UCMediator+SwiftCategorySwift.m in Sources */ = {isa = PBXBuildFile; fileRef = 3BAD3B7022018FB200AC1DC3 /* UCMediator+SwiftCategorySwift.m */; };
		3BC2651A21FEFC6600BA5A26 /* UCMediator+SwiftExtensionSwift.swift in Sources */ = {isa = PBXBuildFile; fileRef = 3BC2651921FEFC6600BA5A26 /* UCMediator+SwiftExtensionSwift.swift */; };
		3BC2651B21FEFC8900BA5A26 /* UCMediator+SwiftExtensionSwift.swift in Sources */ = {isa = PBXBuildFile; fileRef = 3BC2651921FEFC6600BA5A26 /* UCMediator+SwiftExtensionSwift.swift */; };
		3BC2651D21FEFCE500BA5A26 /* UCMediator+SwiftExtensionObjc.swift in Sources */ = {isa = PBXBuildFile; fileRef = 3BC2651C21FEFCE500BA5A26 /* UCMediator+SwiftExtensionObjc.swift */; };
		3BC2651E21FEFCE500BA5A26 /* UCMediator+SwiftExtensionObjc.swift in Sources */ = {isa = PBXBuildFile; fileRef = 3BC2651C21FEFCE500BA5A26 /* UCMediator+SwiftExtensionObjc.swift */; };
		6003F58E195388D20070C39A /* Foundation.framework in Frameworks */ = {isa = PBXBuildFile; fileRef = 6003F58D195388D20070C39A /* Foundation.framework */; };
		6003F590195388D20070C39A /* CoreGraphics.framework in Frameworks */ = {isa = PBXBuildFile; fileRef = 6003F58F195388D20070C39A /* CoreGraphics.framework */; };
		6003F592195388D20070C39A /* UIKit.framework in Frameworks */ = {isa = PBXBuildFile; fileRef = 6003F591195388D20070C39A /* UIKit.framework */; };
		6003F598195388D20070C39A /* InfoPlist.strings in Resources */ = {isa = PBXBuildFile; fileRef = 6003F596195388D20070C39A /* InfoPlist.strings */; };
		6003F59A195388D20070C39A /* main.m in Sources */ = {isa = PBXBuildFile; fileRef = 6003F599195388D20070C39A /* main.m */; };
		6003F59E195388D20070C39A /* UCAppDelegate.m in Sources */ = {isa = PBXBuildFile; fileRef = 6003F59D195388D20070C39A /* UCAppDelegate.m */; };
		6003F5A7195388D20070C39A /* UCViewController.m in Sources */ = {isa = PBXBuildFile; fileRef = 6003F5A6195388D20070C39A /* UCViewController.m */; };
		6003F5A9195388D20070C39A /* Images.xcassets in Resources */ = {isa = PBXBuildFile; fileRef = 6003F5A8195388D20070C39A /* Images.xcassets */; };
		6003F5B0195388D20070C39A /* XCTest.framework in Frameworks */ = {isa = PBXBuildFile; fileRef = 6003F5AF195388D20070C39A /* XCTest.framework */; };
		6003F5B1195388D20070C39A /* Foundation.framework in Frameworks */ = {isa = PBXBuildFile; fileRef = 6003F58D195388D20070C39A /* Foundation.framework */; };
		6003F5B2195388D20070C39A /* UIKit.framework in Frameworks */ = {isa = PBXBuildFile; fileRef = 6003F591195388D20070C39A /* UIKit.framework */; };
		6003F5BA195388D20070C39A /* InfoPlist.strings in Resources */ = {isa = PBXBuildFile; fileRef = 6003F5B8195388D20070C39A /* InfoPlist.strings */; };
		62BAAF7E5FB34C34537D84DE /* Pods_UCRuntimeKit_Example.framework in Frameworks */ = {isa = PBXBuildFile; fileRef = BFC080A56F3FAE50A7704BE9 /* Pods_UCRuntimeKit_Example.framework */; };
		6CF24AC10A4BEF2B3529A1C5 /* Pods_UCRuntimeKit_Tests.framework in Frameworks */ = {isa = PBXBuildFile; fileRef = 0DC49AB4DEF831A459B934DC /* Pods_UCRuntimeKit_Tests.framework */; };
		71719F9F1E33DC2100824A3D /* LaunchScreen.storyboard in Resources */ = {isa = PBXBuildFile; fileRef = 71719F9D1E33DC2100824A3D /* LaunchScreen.storyboard */; };
		873B8AEB1B1F5CCA007FD442 /* Main.storyboard in Resources */ = {isa = PBXBuildFile; fileRef = 873B8AEA1B1F5CCA007FD442 /* Main.storyboard */; };
		AB0C4D3121E8A1CC00EE5D8D /* UCMeditorNativeTargetInvoke.m in Sources */ = {isa = PBXBuildFile; fileRef = AB0C4D3021E8A1CC00EE5D8D /* UCMeditorNativeTargetInvoke.m */; };
		AB0C4D3221E8A25B00EE5D8D /* UCMeditorRuntimeMethodTestFile.m in Sources */ = {isa = PBXBuildFile; fileRef = 3B43352721E79CE500DED162 /* UCMeditorRuntimeMethodTestFile.m */; };
		AB6A015021EC602400BA0DC5 /* UCSwiftModule1ViewController.swift in Sources */ = {isa = PBXBuildFile; fileRef = AB6A014F21EC602400BA0DC5 /* UCSwiftModule1ViewController.swift */; };
		AB6A015121EC602400BA0DC5 /* UCSwiftModule1ViewController.swift in Sources */ = {isa = PBXBuildFile; fileRef = AB6A014F21EC602400BA0DC5 /* UCSwiftModule1ViewController.swift */; };
		AB6A015321EC60C800BA0DC5 /* UCSwiftModuleTarget1.swift in Sources */ = {isa = PBXBuildFile; fileRef = AB6A015221EC60C800BA0DC5 /* UCSwiftModuleTarget1.swift */; };
		AB6A015421EC60C800BA0DC5 /* UCSwiftModuleTarget1.swift in Sources */ = {isa = PBXBuildFile; fileRef = AB6A015221EC60C800BA0DC5 /* UCSwiftModuleTarget1.swift */; };
		AB6A015721EC622900BA0DC5 /* UCMediatorSwiftExtensionSwiftTest.swift in Sources */ = {isa = PBXBuildFile; fileRef = AB6A015621EC622900BA0DC5 /* UCMediatorSwiftExtensionSwiftTest.swift */; };
		AB6A015921EC625000BA0DC5 /* UCMediatorSwiftExtensionObjcTest.swift in Sources */ = {isa = PBXBuildFile; fileRef = AB6A015821EC625000BA0DC5 /* UCMediatorSwiftExtensionObjcTest.swift */; };
		AB6A015B21EC628900BA0DC5 /* UCMediatorSwiftCategorySwiftTest.swift in Sources */ = {isa = PBXBuildFile; fileRef = AB6A015A21EC628900BA0DC5 /* UCMediatorSwiftCategorySwiftTest.swift */; };
		AB6A015D21EC62BC00BA0DC5 /* UCMediatorSwiftCategoryObjcTest.swift in Sources */ = {isa = PBXBuildFile; fileRef = AB6A015C21EC62BC00BA0DC5 /* UCMediatorSwiftCategoryObjcTest.swift */; };
		AB6A015F21EC62D400BA0DC5 /* UCMediatorObjcExtensionSwiftTest.m in Sources */ = {isa = PBXBuildFile; fileRef = AB6A015E21EC62D400BA0DC5 /* UCMediatorObjcExtensionSwiftTest.m */; };
		AB6A016121EC62E700BA0DC5 /* UCMediatorObjcExtensionObjcTest.m in Sources */ = {isa = PBXBuildFile; fileRef = AB6A016021EC62E700BA0DC5 /* UCMediatorObjcExtensionObjcTest.m */; };
		AB6A016321EC630E00BA0DC5 /* UCMediatorObjcCategorySwiftTest.m in Sources */ = {isa = PBXBuildFile; fileRef = AB6A016221EC630E00BA0DC5 /* UCMediatorObjcCategorySwiftTest.m */; };
		AB6A016521EC632300BA0DC5 /* UCMediatorObjcCategoryObjcTest.m in Sources */ = {isa = PBXBuildFile; fileRef = AB6A016421EC632300BA0DC5 /* UCMediatorObjcCategoryObjcTest.m */; };
		AB6A016A21EC657200BA0DC5 /* UCSwiftModule2ViewController.swift in Sources */ = {isa = PBXBuildFile; fileRef = AB6A016921EC657200BA0DC5 /* UCSwiftModule2ViewController.swift */; };
		AB6A016B21EC657200BA0DC5 /* UCSwiftModule2ViewController.swift in Sources */ = {isa = PBXBuildFile; fileRef = AB6A016921EC657200BA0DC5 /* UCSwiftModule2ViewController.swift */; };
		AB6A016D21EC66D000BA0DC5 /* UCSwiftModuleTarget2.swift in Sources */ = {isa = PBXBuildFile; fileRef = AB6A016C21EC66D000BA0DC5 /* UCSwiftModuleTarget2.swift */; };
		AB6A016E21EC66D000BA0DC5 /* UCSwiftModuleTarget2.swift in Sources */ = {isa = PBXBuildFile; fileRef = AB6A016C21EC66D000BA0DC5 /* UCSwiftModuleTarget2.swift */; };
		AB6A017521EC73B000BA0DC5 /* UCObjcModule1ViewController.m in Sources */ = {isa = PBXBuildFile; fileRef = AB6A017421EC73B000BA0DC5 /* UCObjcModule1ViewController.m */; };
		AB6A017821EC73D200BA0DC5 /* UCMediator+UCObjcModule1.m in Sources */ = {isa = PBXBuildFile; fileRef = AB6A017721EC73D200BA0DC5 /* UCMediator+UCObjcModule1.m */; };
		AB6A017B21EC747400BA0DC5 /* UCObjcModule2ViewController.m in Sources */ = {isa = PBXBuildFile; fileRef = AB6A017A21EC747400BA0DC5 /* UCObjcModule2ViewController.m */; };
		AB6A017E21EC749100BA0DC5 /* UCObjcModule2Target.m in Sources */ = {isa = PBXBuildFile; fileRef = AB6A017D21EC749100BA0DC5 /* UCObjcModule2Target.m */; };
/* End PBXBuildFile section */

/* Begin PBXContainerItemProxy section */
		6003F5B3195388D20070C39A /* PBXContainerItemProxy */ = {
			isa = PBXContainerItemProxy;
			containerPortal = 6003F582195388D10070C39A /* Project object */;
			proxyType = 1;
			remoteGlobalIDString = 6003F589195388D20070C39A;
			remoteInfo = UCRuntimeKit;
		};
/* End PBXContainerItemProxy section */

/* Begin PBXFileReference section */
		0DC49AB4DEF831A459B934DC /* Pods_UCRuntimeKit_Tests.framework */ = {isa = PBXFileReference; explicitFileType = wrapper.framework; includeInIndex = 0; path = Pods_UCRuntimeKit_Tests.framework; sourceTree = BUILT_PRODUCTS_DIR; };
		352D12C53D92C8CCBDA818FE /* Pods-UCRuntimeKit_Example.release.xcconfig */ = {isa = PBXFileReference; includeInIndex = 1; lastKnownFileType = text.xcconfig; name = "Pods-UCRuntimeKit_Example.release.xcconfig"; path = "Pods/Target Support Files/Pods-UCRuntimeKit_Example/Pods-UCRuntimeKit_Example.release.xcconfig"; sourceTree = "<group>"; };
		3AE826BD02A32B2B713F0A6D /* Pods-UCRuntimeKit_Tests.debug.xcconfig */ = {isa = PBXFileReference; includeInIndex = 1; lastKnownFileType = text.xcconfig; name = "Pods-UCRuntimeKit_Tests.debug.xcconfig"; path = "Pods/Target Support Files/Pods-UCRuntimeKit_Tests/Pods-UCRuntimeKit_Tests.debug.xcconfig"; sourceTree = "<group>"; };
		3B43352621E79CE500DED162 /* UCMeditorRuntimeMethodTestFile.h */ = {isa = PBXFileReference; lastKnownFileType = sourcecode.c.h; path = UCMeditorRuntimeMethodTestFile.h; sourceTree = "<group>"; };
		3B43352721E79CE500DED162 /* UCMeditorRuntimeMethodTestFile.m */ = {isa = PBXFileReference; lastKnownFileType = sourcecode.c.objc; path = UCMeditorRuntimeMethodTestFile.m; sourceTree = "<group>"; };
		3B98A4F921EA0AA600144984 /* UCThirdPartUrlInvoke.m */ = {isa = PBXFileReference; lastKnownFileType = sourcecode.c.objc; path = UCThirdPartUrlInvoke.m; sourceTree = "<group>"; };
		3B98A4FB21EB0C3E00144984 /* UCMediatorUrlFilterDeledate.h */ = {isa = PBXFileReference; lastKnownFileType = sourcecode.c.h; path = UCMediatorUrlFilterDeledate.h; sourceTree = "<group>"; };
		3B98A4FC21EB0C3E00144984 /* UCMediatorUrlFilterDeledate.m */ = {isa = PBXFileReference; lastKnownFileType = sourcecode.c.objc; path = UCMediatorUrlFilterDeledate.m; sourceTree = "<group>"; };
		3B98A4FF21EB57D500144984 /* UCNativeUrlInvoke.m */ = {isa = PBXFileReference; lastKnownFileType = sourcecode.c.objc; path = UCNativeUrlInvoke.m; sourceTree = "<group>"; };
		3B98A50121EB65C200144984 /* UCAppdelegateReceiver.h */ = {isa = PBXFileReference; lastKnownFileType = sourcecode.c.h; path = UCAppdelegateReceiver.h; sourceTree = "<group>"; };
		3B98A50221EB65C200144984 /* UCAppdelegateReceiver.m */ = {isa = PBXFileReference; lastKnownFileType = sourcecode.c.objc; path = UCAppdelegateReceiver.m; sourceTree = "<group>"; };
		3BAD3B6F22018FB200AC1DC3 /* UCMediator+SwiftCategorySwift.h */ = {isa = PBXFileReference; lastKnownFileType = sourcecode.c.h; path = "UCMediator+SwiftCategorySwift.h"; sourceTree = "<group>"; };
		3BAD3B7022018FB200AC1DC3 /* UCMediator+SwiftCategorySwift.m */ = {isa = PBXFileReference; lastKnownFileType = sourcecode.c.objc; path = "UCMediator+SwiftCategorySwift.m"; sourceTree = "<group>"; };
		3BC2651921FEFC6600BA5A26 /* UCMediator+SwiftExtensionSwift.swift */ = {isa = PBXFileReference; fileEncoding = 4; lastKnownFileType = sourcecode.swift; path = "UCMediator+SwiftExtensionSwift.swift"; sourceTree = "<group>"; };
		3BC2651C21FEFCE500BA5A26 /* UCMediator+SwiftExtensionObjc.swift */ = {isa = PBXFileReference; lastKnownFileType = sourcecode.swift; path = "UCMediator+SwiftExtensionObjc.swift"; sourceTree = "<group>"; };
		6003F58A195388D20070C39A /* UCRuntimeKit_Example.app */ = {isa = PBXFileReference; explicitFileType = wrapper.application; includeInIndex = 0; path = UCRuntimeKit_Example.app; sourceTree = BUILT_PRODUCTS_DIR; };
		6003F58D195388D20070C39A /* Foundation.framework */ = {isa = PBXFileReference; lastKnownFileType = wrapper.framework; name = Foundation.framework; path = System/Library/Frameworks/Foundation.framework; sourceTree = SDKROOT; };
		6003F58F195388D20070C39A /* CoreGraphics.framework */ = {isa = PBXFileReference; lastKnownFileType = wrapper.framework; name = CoreGraphics.framework; path = System/Library/Frameworks/CoreGraphics.framework; sourceTree = SDKROOT; };
		6003F591195388D20070C39A /* UIKit.framework */ = {isa = PBXFileReference; lastKnownFileType = wrapper.framework; name = UIKit.framework; path = System/Library/Frameworks/UIKit.framework; sourceTree = SDKROOT; };
		6003F595195388D20070C39A /* UCRuntimeKit-Info.plist */ = {isa = PBXFileReference; lastKnownFileType = text.plist.xml; path = "UCRuntimeKit-Info.plist"; sourceTree = "<group>"; };
		6003F597195388D20070C39A /* en */ = {isa = PBXFileReference; lastKnownFileType = text.plist.strings; name = en; path = en.lproj/InfoPlist.strings; sourceTree = "<group>"; };
		6003F599195388D20070C39A /* main.m */ = {isa = PBXFileReference; lastKnownFileType = sourcecode.c.objc; path = main.m; sourceTree = "<group>"; };
		6003F59B195388D20070C39A /* UCRuntimeKit-Prefix.pch */ = {isa = PBXFileReference; lastKnownFileType = sourcecode.c.h; path = "UCRuntimeKit-Prefix.pch"; sourceTree = "<group>"; };
		6003F59C195388D20070C39A /* UCAppDelegate.h */ = {isa = PBXFileReference; lastKnownFileType = sourcecode.c.h; path = UCAppDelegate.h; sourceTree = "<group>"; };
		6003F59D195388D20070C39A /* UCAppDelegate.m */ = {isa = PBXFileReference; lastKnownFileType = sourcecode.c.objc; path = UCAppDelegate.m; sourceTree = "<group>"; };
		6003F5A5195388D20070C39A /* UCViewController.h */ = {isa = PBXFileReference; lastKnownFileType = sourcecode.c.h; path = UCViewController.h; sourceTree = "<group>"; };
		6003F5A6195388D20070C39A /* UCViewController.m */ = {isa = PBXFileReference; lastKnownFileType = sourcecode.c.objc; path = UCViewController.m; sourceTree = "<group>"; };
		6003F5A8195388D20070C39A /* Images.xcassets */ = {isa = PBXFileReference; lastKnownFileType = folder.assetcatalog; path = Images.xcassets; sourceTree = "<group>"; };
		6003F5AE195388D20070C39A /* UCRuntimeKit_Tests.xctest */ = {isa = PBXFileReference; explicitFileType = wrapper.cfbundle; includeInIndex = 0; path = UCRuntimeKit_Tests.xctest; sourceTree = BUILT_PRODUCTS_DIR; };
		6003F5AF195388D20070C39A /* XCTest.framework */ = {isa = PBXFileReference; lastKnownFileType = wrapper.framework; name = XCTest.framework; path = Library/Frameworks/XCTest.framework; sourceTree = DEVELOPER_DIR; };
		6003F5B7195388D20070C39A /* Tests-Info.plist */ = {isa = PBXFileReference; lastKnownFileType = text.plist.xml; path = "Tests-Info.plist"; sourceTree = "<group>"; };
		6003F5B9195388D20070C39A /* en */ = {isa = PBXFileReference; lastKnownFileType = text.plist.strings; name = en; path = en.lproj/InfoPlist.strings; sourceTree = "<group>"; };
		606FC2411953D9B200FFA9A0 /* Tests-Prefix.pch */ = {isa = PBXFileReference; lastKnownFileType = sourcecode.c.h; path = "Tests-Prefix.pch"; sourceTree = "<group>"; };
		708FA83FE5295DE23885F36C /* README.md */ = {isa = PBXFileReference; includeInIndex = 1; lastKnownFileType = net.daringfireball.markdown; name = README.md; path = ../README.md; sourceTree = "<group>"; };
		71719F9E1E33DC2100824A3D /* Base */ = {isa = PBXFileReference; lastKnownFileType = file.storyboard; name = Base; path = Base.lproj/LaunchScreen.storyboard; sourceTree = "<group>"; };
		873B8AEA1B1F5CCA007FD442 /* Main.storyboard */ = {isa = PBXFileReference; fileEncoding = 4; lastKnownFileType = file.storyboard; name = Main.storyboard; path = Base.lproj/Main.storyboard; sourceTree = "<group>"; };
		8D57594167B23979A0513010 /* UCRuntimeKit.podspec */ = {isa = PBXFileReference; includeInIndex = 1; lastKnownFileType = text; name = UCRuntimeKit.podspec; path = ../UCRuntimeKit.podspec; sourceTree = "<group>"; xcLanguageSpecificationIdentifier = xcode.lang.ruby; };
		95BEF31758D03EB01B55E183 /* Pods-UCRuntimeKit_Tests.release.xcconfig */ = {isa = PBXFileReference; includeInIndex = 1; lastKnownFileType = text.xcconfig; name = "Pods-UCRuntimeKit_Tests.release.xcconfig"; path = "Pods/Target Support Files/Pods-UCRuntimeKit_Tests/Pods-UCRuntimeKit_Tests.release.xcconfig"; sourceTree = "<group>"; };
		AB0C4D3021E8A1CC00EE5D8D /* UCMeditorNativeTargetInvoke.m */ = {isa = PBXFileReference; lastKnownFileType = sourcecode.c.objc; path = UCMeditorNativeTargetInvoke.m; sourceTree = "<group>"; };
		AB6A014D21EC602400BA0DC5 /* UCRuntimeKit_Example-Bridging-Header.h */ = {isa = PBXFileReference; lastKnownFileType = sourcecode.c.h; path = "UCRuntimeKit_Example-Bridging-Header.h"; sourceTree = "<group>"; };
		AB6A014E21EC602400BA0DC5 /* UCRuntimeKit_Tests-Bridging-Header.h */ = {isa = PBXFileReference; lastKnownFileType = sourcecode.c.h; path = "UCRuntimeKit_Tests-Bridging-Header.h"; sourceTree = "<group>"; };
		AB6A014F21EC602400BA0DC5 /* UCSwiftModule1ViewController.swift */ = {isa = PBXFileReference; lastKnownFileType = sourcecode.swift; path = UCSwiftModule1ViewController.swift; sourceTree = "<group>"; };
		AB6A015221EC60C800BA0DC5 /* UCSwiftModuleTarget1.swift */ = {isa = PBXFileReference; lastKnownFileType = sourcecode.swift; path = UCSwiftModuleTarget1.swift; sourceTree = "<group>"; };
		AB6A015621EC622900BA0DC5 /* UCMediatorSwiftExtensionSwiftTest.swift */ = {isa = PBXFileReference; lastKnownFileType = sourcecode.swift; path = UCMediatorSwiftExtensionSwiftTest.swift; sourceTree = "<group>"; };
		AB6A015821EC625000BA0DC5 /* UCMediatorSwiftExtensionObjcTest.swift */ = {isa = PBXFileReference; lastKnownFileType = sourcecode.swift; path = UCMediatorSwiftExtensionObjcTest.swift; sourceTree = "<group>"; };
		AB6A015A21EC628900BA0DC5 /* UCMediatorSwiftCategorySwiftTest.swift */ = {isa = PBXFileReference; lastKnownFileType = sourcecode.swift; path = UCMediatorSwiftCategorySwiftTest.swift; sourceTree = "<group>"; };
		AB6A015C21EC62BC00BA0DC5 /* UCMediatorSwiftCategoryObjcTest.swift */ = {isa = PBXFileReference; lastKnownFileType = sourcecode.swift; path = UCMediatorSwiftCategoryObjcTest.swift; sourceTree = "<group>"; };
		AB6A015E21EC62D400BA0DC5 /* UCMediatorObjcExtensionSwiftTest.m */ = {isa = PBXFileReference; lastKnownFileType = sourcecode.c.objc; path = UCMediatorObjcExtensionSwiftTest.m; sourceTree = "<group>"; };
		AB6A016021EC62E700BA0DC5 /* UCMediatorObjcExtensionObjcTest.m */ = {isa = PBXFileReference; lastKnownFileType = sourcecode.c.objc; path = UCMediatorObjcExtensionObjcTest.m; sourceTree = "<group>"; };
		AB6A016221EC630E00BA0DC5 /* UCMediatorObjcCategorySwiftTest.m */ = {isa = PBXFileReference; lastKnownFileType = sourcecode.c.objc; path = UCMediatorObjcCategorySwiftTest.m; sourceTree = "<group>"; };
		AB6A016421EC632300BA0DC5 /* UCMediatorObjcCategoryObjcTest.m */ = {isa = PBXFileReference; lastKnownFileType = sourcecode.c.objc; path = UCMediatorObjcCategoryObjcTest.m; sourceTree = "<group>"; };
		AB6A016921EC657200BA0DC5 /* UCSwiftModule2ViewController.swift */ = {isa = PBXFileReference; lastKnownFileType = sourcecode.swift; path = UCSwiftModule2ViewController.swift; sourceTree = "<group>"; };
		AB6A016C21EC66D000BA0DC5 /* UCSwiftModuleTarget2.swift */ = {isa = PBXFileReference; lastKnownFileType = sourcecode.swift; path = UCSwiftModuleTarget2.swift; sourceTree = "<group>"; };
		AB6A017321EC73B000BA0DC5 /* UCObjcModule1ViewController.h */ = {isa = PBXFileReference; lastKnownFileType = sourcecode.c.h; path = UCObjcModule1ViewController.h; sourceTree = "<group>"; };
		AB6A017421EC73B000BA0DC5 /* UCObjcModule1ViewController.m */ = {isa = PBXFileReference; lastKnownFileType = sourcecode.c.objc; path = UCObjcModule1ViewController.m; sourceTree = "<group>"; };
		AB6A017621EC73D200BA0DC5 /* UCMediator+UCObjcModule1.h */ = {isa = PBXFileReference; lastKnownFileType = sourcecode.c.h; path = "UCMediator+UCObjcModule1.h"; sourceTree = "<group>"; };
		AB6A017721EC73D200BA0DC5 /* UCMediator+UCObjcModule1.m */ = {isa = PBXFileReference; lastKnownFileType = sourcecode.c.objc; path = "UCMediator+UCObjcModule1.m"; sourceTree = "<group>"; };
		AB6A017921EC747400BA0DC5 /* UCObjcModule2ViewController.h */ = {isa = PBXFileReference; lastKnownFileType = sourcecode.c.h; path = UCObjcModule2ViewController.h; sourceTree = "<group>"; };
		AB6A017A21EC747400BA0DC5 /* UCObjcModule2ViewController.m */ = {isa = PBXFileReference; lastKnownFileType = sourcecode.c.objc; path = UCObjcModule2ViewController.m; sourceTree = "<group>"; };
		AB6A017C21EC749100BA0DC5 /* UCObjcModule2Target.h */ = {isa = PBXFileReference; lastKnownFileType = sourcecode.c.h; path = UCObjcModule2Target.h; sourceTree = "<group>"; };
		AB6A017D21EC749100BA0DC5 /* UCObjcModule2Target.m */ = {isa = PBXFileReference; lastKnownFileType = sourcecode.c.objc; path = UCObjcModule2Target.m; sourceTree = "<group>"; };
		B1035E0EEFE200EE18EE7B87 /* LICENSE */ = {isa = PBXFileReference; includeInIndex = 1; lastKnownFileType = text; name = LICENSE; path = ../LICENSE; sourceTree = "<group>"; };
		BFC080A56F3FAE50A7704BE9 /* Pods_UCRuntimeKit_Example.framework */ = {isa = PBXFileReference; explicitFileType = wrapper.framework; includeInIndex = 0; path = Pods_UCRuntimeKit_Example.framework; sourceTree = BUILT_PRODUCTS_DIR; };
		E2366226BCDA6667683EE5CA /* Pods-UCRuntimeKit_Example.debug.xcconfig */ = {isa = PBXFileReference; includeInIndex = 1; lastKnownFileType = text.xcconfig; name = "Pods-UCRuntimeKit_Example.debug.xcconfig"; path = "Pods/Target Support Files/Pods-UCRuntimeKit_Example/Pods-UCRuntimeKit_Example.debug.xcconfig"; sourceTree = "<group>"; };
/* End PBXFileReference section */

/* Begin PBXFrameworksBuildPhase section */
		6003F587195388D20070C39A /* Frameworks */ = {
			isa = PBXFrameworksBuildPhase;
			buildActionMask = 2147483647;
			files = (
				6003F590195388D20070C39A /* CoreGraphics.framework in Frameworks */,
				6003F592195388D20070C39A /* UIKit.framework in Frameworks */,
				6003F58E195388D20070C39A /* Foundation.framework in Frameworks */,
				62BAAF7E5FB34C34537D84DE /* Pods_UCRuntimeKit_Example.framework in Frameworks */,
			);
			runOnlyForDeploymentPostprocessing = 0;
		};
		6003F5AB195388D20070C39A /* Frameworks */ = {
			isa = PBXFrameworksBuildPhase;
			buildActionMask = 2147483647;
			files = (
				6003F5B0195388D20070C39A /* XCTest.framework in Frameworks */,
				6003F5B2195388D20070C39A /* UIKit.framework in Frameworks */,
				6003F5B1195388D20070C39A /* Foundation.framework in Frameworks */,
				6CF24AC10A4BEF2B3529A1C5 /* Pods_UCRuntimeKit_Tests.framework in Frameworks */,
			);
			runOnlyForDeploymentPostprocessing = 0;
		};
/* End PBXFrameworksBuildPhase section */

/* Begin PBXGroup section */
		2BABB17FC93F80156E192868 /* Pods */ = {
			isa = PBXGroup;
			children = (
				E2366226BCDA6667683EE5CA /* Pods-UCRuntimeKit_Example.debug.xcconfig */,
				352D12C53D92C8CCBDA818FE /* Pods-UCRuntimeKit_Example.release.xcconfig */,
				3AE826BD02A32B2B713F0A6D /* Pods-UCRuntimeKit_Tests.debug.xcconfig */,
				95BEF31758D03EB01B55E183 /* Pods-UCRuntimeKit_Tests.release.xcconfig */,
			);
			name = Pods;
			sourceTree = "<group>";
		};
		3BC2651621FEFC3500BA5A26 /* UCMediator+category */ = {
			isa = PBXGroup;
			children = (
				3BC2651721FEFC3500BA5A26 /* Extension */,
				3BC2651821FEFC3500BA5A26 /* Category */,
			);
			name = "UCMediator+category";
			path = "Tests/UCMediator+category";
			sourceTree = SOURCE_ROOT;
		};
		3BC2651721FEFC3500BA5A26 /* Extension */ = {
			isa = PBXGroup;
			children = (
				3BC2651921FEFC6600BA5A26 /* UCMediator+SwiftExtensionSwift.swift */,
				3BC2651C21FEFCE500BA5A26 /* UCMediator+SwiftExtensionObjc.swift */,
			);
			path = Extension;
			sourceTree = "<group>";
		};
		3BC2651821FEFC3500BA5A26 /* Category */ = {
			isa = PBXGroup;
			children = (
				3BAD3B6F22018FB200AC1DC3 /* UCMediator+SwiftCategorySwift.h */,
				3BAD3B7022018FB200AC1DC3 /* UCMediator+SwiftCategorySwift.m */,
			);
			path = Category;
			sourceTree = "<group>";
		};
		6003F581195388D10070C39A = {
			isa = PBXGroup;
			children = (
				60FF7A9C1954A5C5007DD14C /* Podspec Metadata */,
				6003F593195388D20070C39A /* Example for UCRuntimeKit */,
				6003F5B5195388D20070C39A /* Tests */,
				6003F58C195388D20070C39A /* Frameworks */,
				6003F58B195388D20070C39A /* Products */,
				2BABB17FC93F80156E192868 /* Pods */,
			);
			sourceTree = "<group>";
		};
		6003F58B195388D20070C39A /* Products */ = {
			isa = PBXGroup;
			children = (
				6003F58A195388D20070C39A /* UCRuntimeKit_Example.app */,
				6003F5AE195388D20070C39A /* UCRuntimeKit_Tests.xctest */,
			);
			name = Products;
			sourceTree = "<group>";
		};
		6003F58C195388D20070C39A /* Frameworks */ = {
			isa = PBXGroup;
			children = (
				6003F58D195388D20070C39A /* Foundation.framework */,
				6003F58F195388D20070C39A /* CoreGraphics.framework */,
				6003F591195388D20070C39A /* UIKit.framework */,
				6003F5AF195388D20070C39A /* XCTest.framework */,
				BFC080A56F3FAE50A7704BE9 /* Pods_UCRuntimeKit_Example.framework */,
				0DC49AB4DEF831A459B934DC /* Pods_UCRuntimeKit_Tests.framework */,
			);
			name = Frameworks;
			sourceTree = "<group>";
		};
		6003F593195388D20070C39A /* Example for UCRuntimeKit */ = {
			isa = PBXGroup;
			children = (
				AB6A014A21EC601100BA0DC5 /* ObjcModule */,
				AB6A014721EC601100BA0DC5 /* SwiftModule */,
				6003F59C195388D20070C39A /* UCAppDelegate.h */,
				6003F59D195388D20070C39A /* UCAppDelegate.m */,
				873B8AEA1B1F5CCA007FD442 /* Main.storyboard */,
				6003F5A5195388D20070C39A /* UCViewController.h */,
				6003F5A6195388D20070C39A /* UCViewController.m */,
				3B98A50121EB65C200144984 /* UCAppdelegateReceiver.h */,
				3B98A50221EB65C200144984 /* UCAppdelegateReceiver.m */,
				71719F9D1E33DC2100824A3D /* LaunchScreen.storyboard */,
				6003F5A8195388D20070C39A /* Images.xcassets */,
				6003F594195388D20070C39A /* Supporting Files */,
			);
			name = "Example for UCRuntimeKit";
			path = UCRuntimeKit;
			sourceTree = "<group>";
		};
		6003F594195388D20070C39A /* Supporting Files */ = {
			isa = PBXGroup;
			children = (
				6003F595195388D20070C39A /* UCRuntimeKit-Info.plist */,
				6003F596195388D20070C39A /* InfoPlist.strings */,
				6003F599195388D20070C39A /* main.m */,
				6003F59B195388D20070C39A /* UCRuntimeKit-Prefix.pch */,
			);
			name = "Supporting Files";
			sourceTree = "<group>";
		};
		6003F5B5195388D20070C39A /* Tests */ = {
			isa = PBXGroup;
			children = (
				3BC2651621FEFC3500BA5A26 /* UCMediator+category */,
				AB6A015521EC61EC00BA0DC5 /* UCMediatorSwiftTest */,
				AB0C4D2F21E89FD600EE5D8D /* UCMeditorTest */,
				6003F5B6195388D20070C39A /* Supporting Files */,
				3B43352621E79CE500DED162 /* UCMeditorRuntimeMethodTestFile.h */,
				3B43352721E79CE500DED162 /* UCMeditorRuntimeMethodTestFile.m */,
				3B98A4FB21EB0C3E00144984 /* UCMediatorUrlFilterDeledate.h */,
				3B98A4FC21EB0C3E00144984 /* UCMediatorUrlFilterDeledate.m */,
			);
			path = Tests;
			sourceTree = "<group>";
		};
		6003F5B6195388D20070C39A /* Supporting Files */ = {
			isa = PBXGroup;
			children = (
				6003F5B7195388D20070C39A /* Tests-Info.plist */,
				6003F5B8195388D20070C39A /* InfoPlist.strings */,
				606FC2411953D9B200FFA9A0 /* Tests-Prefix.pch */,
			);
			name = "Supporting Files";
			sourceTree = "<group>";
		};
		60FF7A9C1954A5C5007DD14C /* Podspec Metadata */ = {
			isa = PBXGroup;
			children = (
				8D57594167B23979A0513010 /* UCRuntimeKit.podspec */,
				708FA83FE5295DE23885F36C /* README.md */,
				B1035E0EEFE200EE18EE7B87 /* LICENSE */,
			);
			name = "Podspec Metadata";
			sourceTree = "<group>";
		};
		AB0C4D2F21E89FD600EE5D8D /* UCMeditorTest */ = {
			isa = PBXGroup;
			children = (
				AB0C4D3021E8A1CC00EE5D8D /* UCMeditorNativeTargetInvoke.m */,
				3B98A4F921EA0AA600144984 /* UCThirdPartUrlInvoke.m */,
				3B98A4FF21EB57D500144984 /* UCNativeUrlInvoke.m */,
			);
			path = UCMeditorTest;
			sourceTree = "<group>";
		};
		AB6A014721EC601100BA0DC5 /* SwiftModule */ = {
			isa = PBXGroup;
			children = (
				AB6A014821EC601100BA0DC5 /* SwiftModule1 */,
				AB6A014921EC601100BA0DC5 /* SwiftModule2 */,
			);
			path = SwiftModule;
			sourceTree = "<group>";
		};
		AB6A014821EC601100BA0DC5 /* SwiftModule1 */ = {
			isa = PBXGroup;
			children = (
				AB6A014F21EC602400BA0DC5 /* UCSwiftModule1ViewController.swift */,
				AB6A014D21EC602400BA0DC5 /* UCRuntimeKit_Example-Bridging-Header.h */,
				AB6A014E21EC602400BA0DC5 /* UCRuntimeKit_Tests-Bridging-Header.h */,
				AB6A015221EC60C800BA0DC5 /* UCSwiftModuleTarget1.swift */,
			);
			path = SwiftModule1;
			sourceTree = "<group>";
		};
		AB6A014921EC601100BA0DC5 /* SwiftModule2 */ = {
			isa = PBXGroup;
			children = (
				AB6A016921EC657200BA0DC5 /* UCSwiftModule2ViewController.swift */,
				AB6A016C21EC66D000BA0DC5 /* UCSwiftModuleTarget2.swift */,
			);
			path = SwiftModule2;
			sourceTree = "<group>";
		};
		AB6A014A21EC601100BA0DC5 /* ObjcModule */ = {
			isa = PBXGroup;
			children = (
				AB6A014B21EC601100BA0DC5 /* ObjcModule1 */,
				AB6A014C21EC601100BA0DC5 /* ObcjModule2 */,
			);
			path = ObjcModule;
			sourceTree = "<group>";
		};
		AB6A014B21EC601100BA0DC5 /* ObjcModule1 */ = {
			isa = PBXGroup;
			children = (
				AB6A017321EC73B000BA0DC5 /* UCObjcModule1ViewController.h */,
				AB6A017421EC73B000BA0DC5 /* UCObjcModule1ViewController.m */,
				AB6A017621EC73D200BA0DC5 /* UCMediator+UCObjcModule1.h */,
				AB6A017721EC73D200BA0DC5 /* UCMediator+UCObjcModule1.m */,
			);
			path = ObjcModule1;
			sourceTree = "<group>";
		};
		AB6A014C21EC601100BA0DC5 /* ObcjModule2 */ = {
			isa = PBXGroup;
			children = (
				AB6A017921EC747400BA0DC5 /* UCObjcModule2ViewController.h */,
				AB6A017A21EC747400BA0DC5 /* UCObjcModule2ViewController.m */,
				AB6A017C21EC749100BA0DC5 /* UCObjcModule2Target.h */,
				AB6A017D21EC749100BA0DC5 /* UCObjcModule2Target.m */,
			);
			path = ObcjModule2;
			sourceTree = "<group>";
		};
		AB6A015521EC61EC00BA0DC5 /* UCMediatorSwiftTest */ = {
			isa = PBXGroup;
			children = (
				AB6A015621EC622900BA0DC5 /* UCMediatorSwiftExtensionSwiftTest.swift */,
				AB6A015821EC625000BA0DC5 /* UCMediatorSwiftExtensionObjcTest.swift */,
				AB6A015A21EC628900BA0DC5 /* UCMediatorSwiftCategorySwiftTest.swift */,
				AB6A015C21EC62BC00BA0DC5 /* UCMediatorSwiftCategoryObjcTest.swift */,
				AB6A015E21EC62D400BA0DC5 /* UCMediatorObjcExtensionSwiftTest.m */,
				AB6A016021EC62E700BA0DC5 /* UCMediatorObjcExtensionObjcTest.m */,
				AB6A016221EC630E00BA0DC5 /* UCMediatorObjcCategorySwiftTest.m */,
				AB6A016421EC632300BA0DC5 /* UCMediatorObjcCategoryObjcTest.m */,
			);
			path = UCMediatorSwiftTest;
			sourceTree = "<group>";
		};
/* End PBXGroup section */

/* Begin PBXNativeTarget section */
		6003F589195388D20070C39A /* UCRuntimeKit_Example */ = {
			isa = PBXNativeTarget;
			buildConfigurationList = 6003F5BF195388D20070C39A /* Build configuration list for PBXNativeTarget "UCRuntimeKit_Example" */;
			buildPhases = (
				FA93831571D3B1884A8EE7B3 /* [CP] Check Pods Manifest.lock */,
				6003F586195388D20070C39A /* Sources */,
				6003F587195388D20070C39A /* Frameworks */,
				6003F588195388D20070C39A /* Resources */,
				9C5C7D9590A327752245E534 /* [CP] Embed Pods Frameworks */,
			);
			buildRules = (
			);
			dependencies = (
			);
			name = UCRuntimeKit_Example;
			productName = UCRuntimeKit;
			productReference = 6003F58A195388D20070C39A /* UCRuntimeKit_Example.app */;
			productType = "com.apple.product-type.application";
		};
		6003F5AD195388D20070C39A /* UCRuntimeKit_Tests */ = {
			isa = PBXNativeTarget;
			buildConfigurationList = 6003F5C2195388D20070C39A /* Build configuration list for PBXNativeTarget "UCRuntimeKit_Tests" */;
			buildPhases = (
				A82EBE2552EF28BD2D2B9A9A /* [CP] Check Pods Manifest.lock */,
				6003F5AA195388D20070C39A /* Sources */,
				6003F5AB195388D20070C39A /* Frameworks */,
				6003F5AC195388D20070C39A /* Resources */,
			);
			buildRules = (
			);
			dependencies = (
				6003F5B4195388D20070C39A /* PBXTargetDependency */,
			);
			name = UCRuntimeKit_Tests;
			productName = UCRuntimeKitTests;
			productReference = 6003F5AE195388D20070C39A /* UCRuntimeKit_Tests.xctest */;
			productType = "com.apple.product-type.bundle.unit-test";
		};
/* End PBXNativeTarget section */

/* Begin PBXProject section */
		6003F582195388D10070C39A /* Project object */ = {
			isa = PBXProject;
			attributes = {
				CLASSPREFIX = UC;
				LastUpgradeCheck = 1010;
				ORGANIZATIONNAME = Link;
				TargetAttributes = {
					6003F589195388D20070C39A = {
						LastSwiftMigration = 1010;
					};
					6003F5AD195388D20070C39A = {
						LastSwiftMigration = 1010;
						TestTargetID = 6003F589195388D20070C39A;
					};
				};
			};
			buildConfigurationList = 6003F585195388D10070C39A /* Build configuration list for PBXProject "UCRuntimeKit" */;
			compatibilityVersion = "Xcode 3.2";
			developmentRegion = English;
			hasScannedForEncodings = 0;
			knownRegions = (
				en,
				Base,
			);
			mainGroup = 6003F581195388D10070C39A;
			productRefGroup = 6003F58B195388D20070C39A /* Products */;
			projectDirPath = "";
			projectRoot = "";
			targets = (
				6003F589195388D20070C39A /* UCRuntimeKit_Example */,
				6003F5AD195388D20070C39A /* UCRuntimeKit_Tests */,
			);
		};
/* End PBXProject section */

/* Begin PBXResourcesBuildPhase section */
		6003F588195388D20070C39A /* Resources */ = {
			isa = PBXResourcesBuildPhase;
			buildActionMask = 2147483647;
			files = (
				873B8AEB1B1F5CCA007FD442 /* Main.storyboard in Resources */,
				71719F9F1E33DC2100824A3D /* LaunchScreen.storyboard in Resources */,
				6003F5A9195388D20070C39A /* Images.xcassets in Resources */,
				6003F598195388D20070C39A /* InfoPlist.strings in Resources */,
			);
			runOnlyForDeploymentPostprocessing = 0;
		};
		6003F5AC195388D20070C39A /* Resources */ = {
			isa = PBXResourcesBuildPhase;
			buildActionMask = 2147483647;
			files = (
				6003F5BA195388D20070C39A /* InfoPlist.strings in Resources */,
			);
			runOnlyForDeploymentPostprocessing = 0;
		};
/* End PBXResourcesBuildPhase section */

/* Begin PBXShellScriptBuildPhase section */
		9C5C7D9590A327752245E534 /* [CP] Embed Pods Frameworks */ = {
			isa = PBXShellScriptBuildPhase;
			buildActionMask = 2147483647;
			files = (
			);
			inputFileListPaths = (
			);
			inputPaths = (
				"${SRCROOT}/Pods/Target Support Files/Pods-UCRuntimeKit_Example/Pods-UCRuntimeKit_Example-frameworks.sh",
				"${BUILT_PRODUCTS_DIR}/UCRuntimeKit/UCRuntimeKit.framework",
			);
			name = "[CP] Embed Pods Frameworks";
			outputFileListPaths = (
			);
			outputPaths = (
				"${TARGET_BUILD_DIR}/${FRAMEWORKS_FOLDER_PATH}/UCRuntimeKit.framework",
			);
			runOnlyForDeploymentPostprocessing = 0;
			shellPath = /bin/sh;
			shellScript = "\"${SRCROOT}/Pods/Target Support Files/Pods-UCRuntimeKit_Example/Pods-UCRuntimeKit_Example-frameworks.sh\"\n";
			showEnvVarsInLog = 0;
		};
		A82EBE2552EF28BD2D2B9A9A /* [CP] Check Pods Manifest.lock */ = {
			isa = PBXShellScriptBuildPhase;
			buildActionMask = 2147483647;
			files = (
			);
			inputFileListPaths = (
			);
			inputPaths = (
				"${PODS_PODFILE_DIR_PATH}/Podfile.lock",
				"${PODS_ROOT}/Manifest.lock",
			);
			name = "[CP] Check Pods Manifest.lock";
			outputFileListPaths = (
			);
			outputPaths = (
				"$(DERIVED_FILE_DIR)/Pods-UCRuntimeKit_Tests-checkManifestLockResult.txt",
			);
			runOnlyForDeploymentPostprocessing = 0;
			shellPath = /bin/sh;
			shellScript = "diff \"${PODS_PODFILE_DIR_PATH}/Podfile.lock\" \"${PODS_ROOT}/Manifest.lock\" > /dev/null\nif [ $? != 0 ] ; then\n    # print error to STDERR\n    echo \"error: The sandbox is not in sync with the Podfile.lock. Run 'pod install' or update your CocoaPods installation.\" >&2\n    exit 1\nfi\n# This output is used by Xcode 'outputs' to avoid re-running this script phase.\necho \"SUCCESS\" > \"${SCRIPT_OUTPUT_FILE_0}\"\n";
			showEnvVarsInLog = 0;
		};
		FA93831571D3B1884A8EE7B3 /* [CP] Check Pods Manifest.lock */ = {
			isa = PBXShellScriptBuildPhase;
			buildActionMask = 2147483647;
			files = (
			);
			inputFileListPaths = (
			);
			inputPaths = (
				"${PODS_PODFILE_DIR_PATH}/Podfile.lock",
				"${PODS_ROOT}/Manifest.lock",
			);
			name = "[CP] Check Pods Manifest.lock";
			outputFileListPaths = (
			);
			outputPaths = (
				"$(DERIVED_FILE_DIR)/Pods-UCRuntimeKit_Example-checkManifestLockResult.txt",
			);
			runOnlyForDeploymentPostprocessing = 0;
			shellPath = /bin/sh;
			shellScript = "diff \"${PODS_PODFILE_DIR_PATH}/Podfile.lock\" \"${PODS_ROOT}/Manifest.lock\" > /dev/null\nif [ $? != 0 ] ; then\n    # print error to STDERR\n    echo \"error: The sandbox is not in sync with the Podfile.lock. Run 'pod install' or update your CocoaPods installation.\" >&2\n    exit 1\nfi\n# This output is used by Xcode 'outputs' to avoid re-running this script phase.\necho \"SUCCESS\" > \"${SCRIPT_OUTPUT_FILE_0}\"\n";
			showEnvVarsInLog = 0;
		};
/* End PBXShellScriptBuildPhase section */

/* Begin PBXSourcesBuildPhase section */
		6003F586195388D20070C39A /* Sources */ = {
			isa = PBXSourcesBuildPhase;
			buildActionMask = 2147483647;
			files = (
				AB6A017521EC73B000BA0DC5 /* UCObjcModule1ViewController.m in Sources */,
				3BC2651D21FEFCE500BA5A26 /* UCMediator+SwiftExtensionObjc.swift in Sources */,
				AB6A015321EC60C800BA0DC5 /* UCSwiftModuleTarget1.swift in Sources */,
				AB6A017B21EC747400BA0DC5 /* UCObjcModule2ViewController.m in Sources */,
				AB6A015021EC602400BA0DC5 /* UCSwiftModule1ViewController.swift in Sources */,
				AB0C4D3221E8A25B00EE5D8D /* UCMeditorRuntimeMethodTestFile.m in Sources */,
				AB6A016A21EC657200BA0DC5 /* UCSwiftModule2ViewController.swift in Sources */,
				6003F59E195388D20070C39A /* UCAppDelegate.m in Sources */,
				AB6A017E21EC749100BA0DC5 /* UCObjcModule2Target.m in Sources */,
				AB6A017821EC73D200BA0DC5 /* UCMediator+UCObjcModule1.m in Sources */,
				AB6A016D21EC66D000BA0DC5 /* UCSwiftModuleTarget2.swift in Sources */,
				3B98A50321EB65C200144984 /* UCAppdelegateReceiver.m in Sources */,
				6003F5A7195388D20070C39A /* UCViewController.m in Sources */,
				3BC2651A21FEFC6600BA5A26 /* UCMediator+SwiftExtensionSwift.swift in Sources */,
				6003F59A195388D20070C39A /* main.m in Sources */,
			);
			runOnlyForDeploymentPostprocessing = 0;
		};
		6003F5AA195388D20070C39A /* Sources */ = {
			isa = PBXSourcesBuildPhase;
			buildActionMask = 2147483647;
			files = (
				AB6A016521EC632300BA0DC5 /* UCMediatorObjcCategoryObjcTest.m in Sources */,
				AB6A015421EC60C800BA0DC5 /* UCSwiftModuleTarget1.swift in Sources */,
				3BC2651B21FEFC8900BA5A26 /* UCMediator+SwiftExtensionSwift.swift in Sources */,
				AB6A015121EC602400BA0DC5 /* UCSwiftModule1ViewController.swift in Sources */,
				3BC2651E21FEFCE500BA5A26 /* UCMediator+SwiftExtensionObjc.swift in Sources */,
				AB6A015F21EC62D400BA0DC5 /* UCMediatorObjcExtensionSwiftTest.m in Sources */,
				3B98A50021EB57D500144984 /* UCNativeUrlInvoke.m in Sources */,
				3B43352821E79CE500DED162 /* UCMeditorRuntimeMethodTestFile.m in Sources */,
				AB0C4D3121E8A1CC00EE5D8D /* UCMeditorNativeTargetInvoke.m in Sources */,
				3B98A4FE21EB0D2A00144984 /* UCMediatorUrlFilterDeledate.m in Sources */,
				AB6A016121EC62E700BA0DC5 /* UCMediatorObjcExtensionObjcTest.m in Sources */,
				AB6A015921EC625000BA0DC5 /* UCMediatorSwiftExtensionObjcTest.swift in Sources */,
				AB6A016E21EC66D000BA0DC5 /* UCSwiftModuleTarget2.swift in Sources */,
				AB6A015D21EC62BC00BA0DC5 /* UCMediatorSwiftCategoryObjcTest.swift in Sources */,
				AB6A016B21EC657200BA0DC5 /* UCSwiftModule2ViewController.swift in Sources */,
				AB6A016321EC630E00BA0DC5 /* UCMediatorObjcCategorySwiftTest.m in Sources */,
				AB6A015721EC622900BA0DC5 /* UCMediatorSwiftExtensionSwiftTest.swift in Sources */,
				AB6A015B21EC628900BA0DC5 /* UCMediatorSwiftCategorySwiftTest.swift in Sources */,
				3BAD3B7222019DEF00AC1DC3 /* UCMediator+SwiftCategorySwift.m in Sources */,
				3B98A4FA21EA0AA600144984 /* UCThirdPartUrlInvoke.m in Sources */,
			);
			runOnlyForDeploymentPostprocessing = 0;
		};
/* End PBXSourcesBuildPhase section */

/* Begin PBXTargetDependency section */
		6003F5B4195388D20070C39A /* PBXTargetDependency */ = {
			isa = PBXTargetDependency;
			target = 6003F589195388D20070C39A /* UCRuntimeKit_Example */;
			targetProxy = 6003F5B3195388D20070C39A /* PBXContainerItemProxy */;
		};
/* End PBXTargetDependency section */

/* Begin PBXVariantGroup section */
		6003F596195388D20070C39A /* InfoPlist.strings */ = {
			isa = PBXVariantGroup;
			children = (
				6003F597195388D20070C39A /* en */,
			);
			name = InfoPlist.strings;
			sourceTree = "<group>";
		};
		6003F5B8195388D20070C39A /* InfoPlist.strings */ = {
			isa = PBXVariantGroup;
			children = (
				6003F5B9195388D20070C39A /* en */,
			);
			name = InfoPlist.strings;
			sourceTree = "<group>";
		};
		71719F9D1E33DC2100824A3D /* LaunchScreen.storyboard */ = {
			isa = PBXVariantGroup;
			children = (
				71719F9E1E33DC2100824A3D /* Base */,
			);
			name = LaunchScreen.storyboard;
			sourceTree = "<group>";
		};
/* End PBXVariantGroup section */

/* Begin XCBuildConfiguration section */
		6003F5BD195388D20070C39A /* Debug */ = {
			isa = XCBuildConfiguration;
			buildSettings = {
				ALWAYS_SEARCH_USER_PATHS = NO;
				CLANG_CXX_LANGUAGE_STANDARD = "gnu++0x";
				CLANG_CXX_LIBRARY = "libc++";
				CLANG_ENABLE_MODULES = YES;
				CLANG_ENABLE_OBJC_ARC = YES;
				CLANG_WARN_BLOCK_CAPTURE_AUTORELEASING = YES;
				CLANG_WARN_BOOL_CONVERSION = YES;
				CLANG_WARN_COMMA = YES;
				CLANG_WARN_CONSTANT_CONVERSION = YES;
				CLANG_WARN_DEPRECATED_OBJC_IMPLEMENTATIONS = YES;
				CLANG_WARN_DIRECT_OBJC_ISA_USAGE = YES_ERROR;
				CLANG_WARN_EMPTY_BODY = YES;
				CLANG_WARN_ENUM_CONVERSION = YES;
				CLANG_WARN_INFINITE_RECURSION = YES;
				CLANG_WARN_INT_CONVERSION = YES;
				CLANG_WARN_NON_LITERAL_NULL_CONVERSION = YES;
				CLANG_WARN_OBJC_IMPLICIT_RETAIN_SELF = YES;
				CLANG_WARN_OBJC_LITERAL_CONVERSION = YES;
				CLANG_WARN_OBJC_ROOT_CLASS = YES_ERROR;
				CLANG_WARN_RANGE_LOOP_ANALYSIS = YES;
				CLANG_WARN_STRICT_PROTOTYPES = YES;
				CLANG_WARN_SUSPICIOUS_MOVE = YES;
				CLANG_WARN_UNREACHABLE_CODE = YES;
				CLANG_WARN__DUPLICATE_METHOD_MATCH = YES;
				"CODE_SIGN_IDENTITY[sdk=iphoneos*]" = "iPhone Developer";
				COPY_PHASE_STRIP = NO;
				ENABLE_STRICT_OBJC_MSGSEND = YES;
				ENABLE_TESTABILITY = YES;
				GCC_C_LANGUAGE_STANDARD = gnu99;
				GCC_DYNAMIC_NO_PIC = NO;
				GCC_NO_COMMON_BLOCKS = YES;
				GCC_OPTIMIZATION_LEVEL = 0;
				GCC_PREPROCESSOR_DEFINITIONS = (
					"DEBUG=1",
					"$(inherited)",
				);
				GCC_SYMBOLS_PRIVATE_EXTERN = NO;
				GCC_WARN_64_TO_32_BIT_CONVERSION = YES;
				GCC_WARN_ABOUT_RETURN_TYPE = YES_ERROR;
				GCC_WARN_UNDECLARED_SELECTOR = YES;
				GCC_WARN_UNINITIALIZED_AUTOS = YES_AGGRESSIVE;
				GCC_WARN_UNUSED_FUNCTION = YES;
				GCC_WARN_UNUSED_VARIABLE = YES;
				IPHONEOS_DEPLOYMENT_TARGET = 9.3;
				ONLY_ACTIVE_ARCH = YES;
				SDKROOT = iphoneos;
				TARGETED_DEVICE_FAMILY = "1,2";
			};
			name = Debug;
		};
		6003F5BE195388D20070C39A /* Release */ = {
			isa = XCBuildConfiguration;
			buildSettings = {
				ALWAYS_SEARCH_USER_PATHS = NO;
				CLANG_CXX_LANGUAGE_STANDARD = "gnu++0x";
				CLANG_CXX_LIBRARY = "libc++";
				CLANG_ENABLE_MODULES = YES;
				CLANG_ENABLE_OBJC_ARC = YES;
				CLANG_WARN_BLOCK_CAPTURE_AUTORELEASING = YES;
				CLANG_WARN_BOOL_CONVERSION = YES;
				CLANG_WARN_COMMA = YES;
				CLANG_WARN_CONSTANT_CONVERSION = YES;
				CLANG_WARN_DEPRECATED_OBJC_IMPLEMENTATIONS = YES;
				CLANG_WARN_DIRECT_OBJC_ISA_USAGE = YES_ERROR;
				CLANG_WARN_EMPTY_BODY = YES;
				CLANG_WARN_ENUM_CONVERSION = YES;
				CLANG_WARN_INFINITE_RECURSION = YES;
				CLANG_WARN_INT_CONVERSION = YES;
				CLANG_WARN_NON_LITERAL_NULL_CONVERSION = YES;
				CLANG_WARN_OBJC_IMPLICIT_RETAIN_SELF = YES;
				CLANG_WARN_OBJC_LITERAL_CONVERSION = YES;
				CLANG_WARN_OBJC_ROOT_CLASS = YES_ERROR;
				CLANG_WARN_RANGE_LOOP_ANALYSIS = YES;
				CLANG_WARN_STRICT_PROTOTYPES = YES;
				CLANG_WARN_SUSPICIOUS_MOVE = YES;
				CLANG_WARN_UNREACHABLE_CODE = YES;
				CLANG_WARN__DUPLICATE_METHOD_MATCH = YES;
				"CODE_SIGN_IDENTITY[sdk=iphoneos*]" = "iPhone Developer";
				COPY_PHASE_STRIP = YES;
				ENABLE_NS_ASSERTIONS = NO;
				ENABLE_STRICT_OBJC_MSGSEND = YES;
				GCC_C_LANGUAGE_STANDARD = gnu99;
				GCC_NO_COMMON_BLOCKS = YES;
				GCC_WARN_64_TO_32_BIT_CONVERSION = YES;
				GCC_WARN_ABOUT_RETURN_TYPE = YES_ERROR;
				GCC_WARN_UNDECLARED_SELECTOR = YES;
				GCC_WARN_UNINITIALIZED_AUTOS = YES_AGGRESSIVE;
				GCC_WARN_UNUSED_FUNCTION = YES;
				GCC_WARN_UNUSED_VARIABLE = YES;
				IPHONEOS_DEPLOYMENT_TARGET = 9.3;
				SDKROOT = iphoneos;
				TARGETED_DEVICE_FAMILY = "1,2";
				VALIDATE_PRODUCT = YES;
			};
			name = Release;
		};
		6003F5C0195388D20070C39A /* Debug */ = {
			isa = XCBuildConfiguration;
			baseConfigurationReference = E2366226BCDA6667683EE5CA /* Pods-UCRuntimeKit_Example.debug.xcconfig */;
			buildSettings = {
				ASSETCATALOG_COMPILER_APPICON_NAME = AppIcon;
				CLANG_ENABLE_MODULES = YES;
				DEFINES_MODULE = YES;
				GCC_PRECOMPILE_PREFIX_HEADER = YES;
				GCC_PREFIX_HEADER = "UCRuntimeKit/UCRuntimeKit-Prefix.pch";
				INFOPLIST_FILE = "UCRuntimeKit/UCRuntimeKit-Info.plist";
				LD_RUNPATH_SEARCH_PATHS = "$(inherited) @executable_path/Frameworks";
				MODULE_NAME = ExampleApp;
				PRODUCT_BUNDLE_IDENTIFIER = "org.cocoapods.demo.${PRODUCT_NAME:rfc1034identifier}";
				PRODUCT_NAME = "$(TARGET_NAME)";
				SWIFT_OBJC_BRIDGING_HEADER = "UCRuntimeKit/SwiftModule/SwiftModule1/UCRuntimeKit_Example-Bridging-Header.h";
				SWIFT_OPTIMIZATION_LEVEL = "-Onone";
				SWIFT_VERSION = 4.2;
				WRAPPER_EXTENSION = app;
			};
			name = Debug;
		};
		6003F5C1195388D20070C39A /* Release */ = {
			isa = XCBuildConfiguration;
			baseConfigurationReference = 352D12C53D92C8CCBDA818FE /* Pods-UCRuntimeKit_Example.release.xcconfig */;
			buildSettings = {
				ASSETCATALOG_COMPILER_APPICON_NAME = AppIcon;
				CLANG_ENABLE_MODULES = YES;
				DEFINES_MODULE = YES;
				GCC_PRECOMPILE_PREFIX_HEADER = YES;
				GCC_PREFIX_HEADER = "UCRuntimeKit/UCRuntimeKit-Prefix.pch";
				INFOPLIST_FILE = "UCRuntimeKit/UCRuntimeKit-Info.plist";
				LD_RUNPATH_SEARCH_PATHS = "$(inherited) @executable_path/Frameworks";
				MODULE_NAME = ExampleApp;
				PRODUCT_BUNDLE_IDENTIFIER = "org.cocoapods.demo.${PRODUCT_NAME:rfc1034identifier}";
				PRODUCT_NAME = "$(TARGET_NAME)";
				SWIFT_OBJC_BRIDGING_HEADER = "UCRuntimeKit/SwiftModule/SwiftModule1/UCRuntimeKit_Example-Bridging-Header.h";
				SWIFT_VERSION = 4.2;
				WRAPPER_EXTENSION = app;
			};
			name = Release;
		};
		6003F5C3195388D20070C39A /* Debug */ = {
			isa = XCBuildConfiguration;
			baseConfigurationReference = 3AE826BD02A32B2B713F0A6D /* Pods-UCRuntimeKit_Tests.debug.xcconfig */;
			buildSettings = {
				ALWAYS_EMBED_SWIFT_STANDARD_LIBRARIES = YES;
				BUNDLE_LOADER = "$(TEST_HOST)";
				CLANG_ENABLE_MODULES = YES;
				FRAMEWORK_SEARCH_PATHS = (
					"$(SDKROOT)/Developer/Library/Frameworks",
					"$(inherited)",
					"$(DEVELOPER_FRAMEWORKS_DIR)",
				);
				GCC_PRECOMPILE_PREFIX_HEADER = YES;
				GCC_PREFIX_HEADER = "Tests/Tests-Prefix.pch";
				GCC_PREPROCESSOR_DEFINITIONS = (
					"DEBUG=1",
					"$(inherited)",
				);
				INFOPLIST_FILE = "Tests/Tests-Info.plist";
				LD_RUNPATH_SEARCH_PATHS = "$(inherited) @executable_path/Frameworks @loader_path/Frameworks";
				PRODUCT_BUNDLE_IDENTIFIER = "org.cocoapods.demo.${PRODUCT_NAME:rfc1034identifier}";
				PRODUCT_NAME = "$(TARGET_NAME)";
				SWIFT_OBJC_BRIDGING_HEADER = "UCRuntimeKit/SwiftModule/SwiftModule1/UCRuntimeKit_Tests-Bridging-Header.h";
				SWIFT_OPTIMIZATION_LEVEL = "-Onone";
				SWIFT_VERSION = 4.2;
				TEST_HOST = "$(BUILT_PRODUCTS_DIR)/UCRuntimeKit_Example.app/UCRuntimeKit_Example";
				WRAPPER_EXTENSION = xctest;
			};
			name = Debug;
		};
		6003F5C4195388D20070C39A /* Release */ = {
			isa = XCBuildConfiguration;
			baseConfigurationReference = 95BEF31758D03EB01B55E183 /* Pods-UCRuntimeKit_Tests.release.xcconfig */;
			buildSettings = {
				ALWAYS_EMBED_SWIFT_STANDARD_LIBRARIES = YES;
				BUNDLE_LOADER = "$(TEST_HOST)";
				CLANG_ENABLE_MODULES = YES;
				FRAMEWORK_SEARCH_PATHS = (
					"$(SDKROOT)/Developer/Library/Frameworks",
					"$(inherited)",
					"$(DEVELOPER_FRAMEWORKS_DIR)",
				);
				GCC_PRECOMPILE_PREFIX_HEADER = YES;
				GCC_PREFIX_HEADER = "Tests/Tests-Prefix.pch";
				INFOPLIST_FILE = "Tests/Tests-Info.plist";
				LD_RUNPATH_SEARCH_PATHS = "$(inherited) @executable_path/Frameworks @loader_path/Frameworks";
				PRODUCT_BUNDLE_IDENTIFIER = "org.cocoapods.demo.${PRODUCT_NAME:rfc1034identifier}";
				PRODUCT_NAME = "$(TARGET_NAME)";
				SWIFT_OBJC_BRIDGING_HEADER = "UCRuntimeKit/SwiftModule/SwiftModule1/UCRuntimeKit_Tests-Bridging-Header.h";
				SWIFT_VERSION = 4.2;
				TEST_HOST = "$(BUILT_PRODUCTS_DIR)/UCRuntimeKit_Example.app/UCRuntimeKit_Example";
				WRAPPER_EXTENSION = xctest;
			};
			name = Release;
		};
/* End XCBuildConfiguration section */

/* Begin XCConfigurationList section */
		6003F585195388D10070C39A /* Build configuration list for PBXProject "UCRuntimeKit" */ = {
			isa = XCConfigurationList;
			buildConfigurations = (
				6003F5BD195388D20070C39A /* Debug */,
				6003F5BE195388D20070C39A /* Release */,
			);
			defaultConfigurationIsVisible = 0;
			defaultConfigurationName = Release;
		};
		6003F5BF195388D20070C39A /* Build configuration list for PBXNativeTarget "UCRuntimeKit_Example" */ = {
			isa = XCConfigurationList;
			buildConfigurations = (
				6003F5C0195388D20070C39A /* Debug */,
				6003F5C1195388D20070C39A /* Release */,
			);
			defaultConfigurationIsVisible = 0;
			defaultConfigurationName = Release;
		};
		6003F5C2195388D20070C39A /* Build configuration list for PBXNativeTarget "UCRuntimeKit_Tests" */ = {
			isa = XCConfigurationList;
			buildConfigurations = (
				6003F5C3195388D20070C39A /* Debug */,
				6003F5C4195388D20070C39A /* Release */,
			);
			defaultConfigurationIsVisible = 0;
			defaultConfigurationName = Release;
		};
/* End XCConfigurationList section */
	};
	rootObject = 6003F582195388D10070C39A /* Project object */;
}
